
Microsoft Visual Studio Solution File, Format Version 12.00
# Visual Studio Version 17
VisualStudioVersion = 17.7.34009.444
MinimumVisualStudioVersion = 10.0.40219.1
Project("{9A19103F-16F7-4668-BE54-9A1E7A4F7556}") = "Kabua.TypeSafe.xUnit", "src\Kabua.TypeSafe.xUnit\Kabua.TypeSafe.xUnit.csproj", "{4E7AFB31-AE99-4D27-9A8E-204FFD046365}"
EndProject
Project("{9A19103F-16F7-4668-BE54-9A1E7A4F7556}") = "Kabua.TypeSafe.xUnit.UnitTests", "test\Kabua.TypeSafe.xUnit.UnitTests\Kabua.TypeSafe.xUnit.UnitTests.csproj", "{29AE3129-CD8E-4015-A771-0870E52F52B8}"
EndProject
Project("{2150E333-8FDC-42A3-9474-1A3956D46DE8}") = "Info", "Info", "{5E7DF7E1-3128-425B-A611-1DCF942CC785}"
	ProjectSection(SolutionItems) = preProject
		LICENSE = LICENSE
		README.md = README.md
	EndProjectSection
EndProject
Global
	GlobalSection(SolutionConfigurationPlatforms) = preSolution
		Debug|Any CPU = Debug|Any CPU
		Release|Any CPU = Release|Any CPU
	EndGlobalSection
	GlobalSection(ProjectConfigurationPlatforms) = postSolution
		{4E7AFB31-AE99-4D27-9A8E-204FFD046365}.Debug|Any CPU.ActiveCfg = Debug|Any CPU
		{4E7AFB31-AE99-4D27-9A8E-204FFD046365}.Debug|Any CPU.Build.0 = Debug|Any CPU
		{4E7AFB31-AE99-4D27-9A8E-204FFD046365}.Release|Any CPU.ActiveCfg = Release|Any CPU
		{4E7AFB31-AE99-4D27-9A8E-204FFD046365}.Release|Any CPU.Build.0 = Release|Any CPU
		{29AE3129-CD8E-4015-A771-0870E52F52B8}.Debug|Any CPU.ActiveCfg = Debug|Any CPU
		{29AE3129-CD8E-4015-A771-0870E52F52B8}.Debug|Any CPU.Build.0 = Debug|Any CPU
		{29AE3129-CD8E-4015-A771-0870E52F52B8}.Release|Any CPU.ActiveCfg = Release|Any CPU
		{29AE3129-CD8E-4015-A771-0870E52F52B8}.Release|Any CPU.Build.0 = Release|Any CPU
	EndGlobalSection
	GlobalSection(SolutionProperties) = preSolution
		HideSolutionNode = FALSE
	EndGlobalSection
	GlobalSection(ExtensibilityGlobals) = postSolution
		SolutionGuid = {4E7638AF-1F0E-4882-A7CD-1BE1376C2124}
	EndGlobalSection
EndGlobal
